
Microsoft Visual Studio Solution File, Format Version 12.00
# Visual Studio Version 16
VisualStudioVersion = 16.0.29613.14
MinimumVisualStudioVersion = 10.0.40219.1
Project("{FAE04EC0-301F-11D3-BF4B-00C04F79EFBC}") = "PharmaCite Pharmacy Managment System", "PharmaCite Pharmacy Managment System.csproj", "{8A843D17-44AA-4700-9B65-FAD5C54EAE37}"
EndProject
Global
	GlobalSection(SolutionConfigurationPlatforms) = preSolution
		Debug|Any CPU = Debug|Any CPU
		Release|Any CPU = Release|Any CPU
	EndGlobalSection
	GlobalSection(ProjectConfigurationPlatforms) = postSolution
		{8A843D17-44AA-4700-9B65-FAD5C54EAE37}.Debug|Any CPU.ActiveCfg = Debug|Any CPU
		{8A843D17-44AA-4700-9B65-FAD5C54EAE37}.Debug|Any CPU.Build.0 = Debug|Any CPU
		{8A843D17-44AA-4700-9B65-FAD5C54EAE37}.Release|Any CPU.ActiveCfg = Release|Any CPU
		{8A843D17-44AA-4700-9B65-FAD5C54EAE37}.Release|Any CPU.Build.0 = Release|Any CPU
	EndGlobalSection
	GlobalSection(SolutionProperties) = preSolution
		HideSolutionNode = FALSE
	EndGlobalSection
	GlobalSection(ExtensibilityGlobals) = postSolution
		SolutionGuid = {0DEE5EB0-F911-4FB9-84C0-354C08E15217}
	EndGlobalSection
EndGlobal
